
Microsoft Visual Studio Solution File, Format Version 12.00
# Visual Studio 15
Project("{FAE04EC0-301F-11D3-BF4B-00C04F79EFBC}") = "FishNet.Runtime", "FishNet.Runtime.csproj", "{5559925F-F1B6-A2F1-8C8B-150C105CD302}"
EndProject
Project("{FAE04EC0-301F-11D3-BF4B-00C04F79EFBC}") = "FishNet.Codegen.Cecil", "FishNet.Codegen.Cecil.csproj", "{F75A5E26-6C91-1C05-5E2A-F05D11ADED5C}"
EndProject
Project("{FAE04EC0-301F-11D3-BF4B-00C04F79EFBC}") = "FishNet.Demos", "FishNet.Demos.csproj", "{7F7034B1-B151-9413-8052-29EFC638D4A5}"
EndProject
Project("{FAE04EC0-301F-11D3-BF4B-00C04F79EFBC}") = "Unity.FishNet.Codegen", "Unity.FishNet.Codegen.csproj", "{9D9B4C3E-A1BB-A3EF-6D5F-DF3291C5C222}"
EndProject
Project("{FAE04EC0-301F-11D3-BF4B-00C04F79EFBC}") = "Edgegap", "Edgegap.csproj", "{213CA725-9317-4122-413E-20B7CAFAC6BB}"
EndProject
Project("{FAE04EC0-301F-11D3-BF4B-00C04F79EFBC}") = "GameKit.Utilities", "GameKit.Utilities.csproj", "{0D40C51C-5D46-A0D5-5805-666E90506550}"
EndProject
Project("{FAE04EC0-301F-11D3-BF4B-00C04F79EFBC}") = "Assembly-CSharp", "Assembly-CSharp.csproj", "{82C9104E-B180-D817-6B3E-D3B057DAD516}"
EndProject
Project("{FAE04EC0-301F-11D3-BF4B-00C04F79EFBC}") = "GameKit.Dependencies", "GameKit.Dependencies.csproj", "{6BA6F674-FA14-EED5-AE3E-A0F06DD7CCF2}"
EndProject
Global
	GlobalSection(SolutionConfigurationPlatforms) = preSolution
		Debug|Any CPU = Debug|Any CPU
		Release|Any CPU = Release|Any CPU
	EndGlobalSection
	GlobalSection(ProjectConfigurationPlatforms) = postSolution
		{5559925F-F1B6-A2F1-8C8B-150C105CD302}.Debug|Any CPU.ActiveCfg = Debug|Any CPU
		{5559925F-F1B6-A2F1-8C8B-150C105CD302}.Debug|Any CPU.Build.0 = Debug|Any CPU
		{5559925F-F1B6-A2F1-8C8B-150C105CD302}.Release|Any CPU.ActiveCfg = Release|Any CPU
		{5559925F-F1B6-A2F1-8C8B-150C105CD302}.Release|Any CPU.Build.0 = Release|Any CPU
		{F75A5E26-6C91-1C05-5E2A-F05D11ADED5C}.Debug|Any CPU.ActiveCfg = Debug|Any CPU
		{F75A5E26-6C91-1C05-5E2A-F05D11ADED5C}.Debug|Any CPU.Build.0 = Debug|Any CPU
		{F75A5E26-6C91-1C05-5E2A-F05D11ADED5C}.Release|Any CPU.ActiveCfg = Release|Any CPU
		{F75A5E26-6C91-1C05-5E2A-F05D11ADED5C}.Release|Any CPU.Build.0 = Release|Any CPU
		{7F7034B1-B151-9413-8052-29EFC638D4A5}.Debug|Any CPU.ActiveCfg = Debug|Any CPU
		{7F7034B1-B151-9413-8052-29EFC638D4A5}.Debug|Any CPU.Build.0 = Debug|Any CPU
		{7F7034B1-B151-9413-8052-29EFC638D4A5}.Release|Any CPU.ActiveCfg = Release|Any CPU
		{7F7034B1-B151-9413-8052-29EFC638D4A5}.Release|Any CPU.Build.0 = Release|Any CPU
		{9D9B4C3E-A1BB-A3EF-6D5F-DF3291C5C222}.Debug|Any CPU.ActiveCfg = Debug|Any CPU
		{9D9B4C3E-A1BB-A3EF-6D5F-DF3291C5C222}.Debug|Any CPU.Build.0 = Debug|Any CPU
		{9D9B4C3E-A1BB-A3EF-6D5F-DF3291C5C222}.Release|Any CPU.ActiveCfg = Release|Any CPU
		{9D9B4C3E-A1BB-A3EF-6D5F-DF3291C5C222}.Release|Any CPU.Build.0 = Release|Any CPU
		{213CA725-9317-4122-413E-20B7CAFAC6BB}.Debug|Any CPU.ActiveCfg = Debug|Any CPU
		{213CA725-9317-4122-413E-20B7CAFAC6BB}.Debug|Any CPU.Build.0 = Debug|Any CPU
		{213CA725-9317-4122-413E-20B7CAFAC6BB}.Release|Any CPU.ActiveCfg = Release|Any CPU
		{213CA725-9317-4122-413E-20B7CAFAC6BB}.Release|Any CPU.Build.0 = Release|Any CPU
		{0D40C51C-5D46-A0D5-5805-666E90506550}.Debug|Any CPU.ActiveCfg = Debug|Any CPU
		{0D40C51C-5D46-A0D5-5805-666E90506550}.Debug|Any CPU.Build.0 = Debug|Any CPU
		{0D40C51C-5D46-A0D5-5805-666E90506550}.Release|Any CPU.ActiveCfg = Release|Any CPU
		{0D40C51C-5D46-A0D5-5805-666E90506550}.Release|Any CPU.Build.0 = Release|Any CPU
		{82C9104E-B180-D817-6B3E-D3B057DAD516}.Debug|Any CPU.ActiveCfg = Debug|Any CPU
		{82C9104E-B180-D817-6B3E-D3B057DAD516}.Debug|Any CPU.Build.0 = Debug|Any CPU
		{82C9104E-B180-D817-6B3E-D3B057DAD516}.Release|Any CPU.ActiveCfg = Release|Any CPU
		{82C9104E-B180-D817-6B3E-D3B057DAD516}.Release|Any CPU.Build.0 = Release|Any CPU
		{6BA6F674-FA14-EED5-AE3E-A0F06DD7CCF2}.Debug|Any CPU.ActiveCfg = Debug|Any CPU
		{6BA6F674-FA14-EED5-AE3E-A0F06DD7CCF2}.Debug|Any CPU.Build.0 = Debug|Any CPU
		{6BA6F674-FA14-EED5-AE3E-A0F06DD7CCF2}.Release|Any CPU.ActiveCfg = Release|Any CPU
		{6BA6F674-FA14-EED5-AE3E-A0F06DD7CCF2}.Release|Any CPU.Build.0 = Release|Any CPU
	EndGlobalSection
	GlobalSection(SolutionProperties) = preSolution
		HideSolutionNode = FALSE
	EndGlobalSection
EndGlobal
