
Microsoft Visual Studio Solution File, Format Version 11.00
# Visual Studio 2010
Project("{FAE04EC0-301F-11D3-BF4B-00C04F79EFBC}") = "Assembly-CSharp", "Assembly-CSharp.csproj", "{87b16044-062a-2d69-95e7-851e3531bd99}"
EndProject
Project("{FAE04EC0-301F-11D3-BF4B-00C04F79EFBC}") = "Assembly-CSharp-Editor", "Assembly-CSharp-Editor.csproj", "{099d3948-8250-8a4e-1ea6-1da7b68c4451}"
EndProject
Global
	GlobalSection(SolutionConfigurationPlatforms) = preSolution
		Debug|Any CPU = Debug|Any CPU
	EndGlobalSection
	GlobalSection(ProjectConfigurationPlatforms) = postSolution
		{87b16044-062a-2d69-95e7-851e3531bd99}.Debug|Any CPU.ActiveCfg = Debug|Any CPU
		{87b16044-062a-2d69-95e7-851e3531bd99}.Debug|Any CPU.Build.0 = Debug|Any CPU
		{099d3948-8250-8a4e-1ea6-1da7b68c4451}.Debug|Any CPU.ActiveCfg = Debug|Any CPU
		{099d3948-8250-8a4e-1ea6-1da7b68c4451}.Debug|Any CPU.Build.0 = Debug|Any CPU
	EndGlobalSection
	GlobalSection(SolutionProperties) = preSolution
		HideSolutionNode = FALSE
	EndGlobalSection
EndGlobal
